
Microsoft Visual Studio Solution File, Format Version 12.00
# Visual Studio Version 17
VisualStudioVersion = 17.5.002.0
MinimumVisualStudioVersion = 10.0.40219.1
Project("{9A19103F-16F7-4668-BE54-9A1E7A4F7556}") = "zad4", "zad4.csproj", "{F9CC023E-7068-447C-A9E6-C95AB0F2FCF6}"
EndProject
Global
	GlobalSection(SolutionConfigurationPlatforms) = preSolution
		Debug|Any CPU = Debug|Any CPU
		Release|Any CPU = Release|Any CPU
	EndGlobalSection
	GlobalSection(ProjectConfigurationPlatforms) = postSolution
		{F9CC023E-7068-447C-A9E6-C95AB0F2FCF6}.Debug|Any CPU.ActiveCfg = Debug|Any CPU
		{F9CC023E-7068-447C-A9E6-C95AB0F2FCF6}.Debug|Any CPU.Build.0 = Debug|Any CPU
		{F9CC023E-7068-447C-A9E6-C95AB0F2FCF6}.Release|Any CPU.ActiveCfg = Release|Any CPU
		{F9CC023E-7068-447C-A9E6-C95AB0F2FCF6}.Release|Any CPU.Build.0 = Release|Any CPU
	EndGlobalSection
	GlobalSection(SolutionProperties) = preSolution
		HideSolutionNode = FALSE
	EndGlobalSection
	GlobalSection(ExtensibilityGlobals) = postSolution
		SolutionGuid = {97373C62-B20A-42CE-A779-04624F416CC9}
	EndGlobalSection
EndGlobal
