
Microsoft Visual Studio Solution File, Format Version 12.00
# Visual Studio Version 17
VisualStudioVersion = 17.14.36603.0 d17.14
MinimumVisualStudioVersion = 10.0.40219.1
Project("{FAE04EC0-301F-11D3-BF4B-00C04F79EFBC}") = "WebApplication1", "WebApplication1.csproj", "{4F771AF5-487D-445C-9A2F-BFB2A9454081}"
EndProject
Global
	GlobalSection(SolutionConfigurationPlatforms) = preSolution
		Debug|Any CPU = Debug|Any CPU
		Release|Any CPU = Release|Any CPU
	EndGlobalSection
	GlobalSection(ProjectConfigurationPlatforms) = postSolution
		{4F771AF5-487D-445C-9A2F-BFB2A9454081}.Debug|Any CPU.ActiveCfg = Debug|Any CPU
		{4F771AF5-487D-445C-9A2F-BFB2A9454081}.Debug|Any CPU.Build.0 = Debug|Any CPU
		{4F771AF5-487D-445C-9A2F-BFB2A9454081}.Release|Any CPU.ActiveCfg = Release|Any CPU
		{4F771AF5-487D-445C-9A2F-BFB2A9454081}.Release|Any CPU.Build.0 = Release|Any CPU
	EndGlobalSection
	GlobalSection(SolutionProperties) = preSolution
		HideSolutionNode = FALSE
	EndGlobalSection
	GlobalSection(ExtensibilityGlobals) = postSolution
		SolutionGuid = {E865649C-EFB7-4C24-80E2-433F54E938E9}
	EndGlobalSection
EndGlobal
